
Microsoft Visual Studio Solution File, Format Version 12.00
# Visual Studio Version 16
VisualStudioVersion = 16.0.36227.6
MinimumVisualStudioVersion = 10.0.40219.1
Project("{FAE04EC0-301F-11D3-BF4B-00C04F79EFBC}") = "RE1_GC_CONTAINERS_TOOL", "RE1_GC_CONTAINERS_TOOL\RE1_GC_CONTAINERS_TOOL.csproj", "{E97285A6-1455-40A9-B67E-F8378CC5206C}"
EndProject
Project("{D954291E-2A0B-460D-934E-DC6B0785DB48}") = "SimpleEndianBinaryIO", "SimpleEndianBinaryIO\SimpleEndianBinaryIO.shproj", "{5DDB0D8F-D1EA-479F-8FAC-BE2B5C6BAB65}"
EndProject
Project("{FAE04EC0-301F-11D3-BF4B-00C04F79EFBC}") = "RE1_GC_BIN_TOOL", "RE1_GC_BIN_TOOL\RE1_GC_BIN_TOOL.csproj", "{DEED1597-52D4-493F-842F-257ED24F9E5E}"
EndProject
Global
	GlobalSection(SharedMSBuildProjectFiles) = preSolution
		SimpleEndianBinaryIO\SimpleEndianBinaryIO.projitems*{5ddb0d8f-d1ea-479f-8fac-be2b5c6bab65}*SharedItemsImports = 13
		SimpleEndianBinaryIO\SimpleEndianBinaryIO.projitems*{deed1597-52d4-493f-842f-257ed24f9e5e}*SharedItemsImports = 4
		SimpleEndianBinaryIO\SimpleEndianBinaryIO.projitems*{e97285a6-1455-40a9-b67e-f8378cc5206c}*SharedItemsImports = 4
	EndGlobalSection
	GlobalSection(SolutionConfigurationPlatforms) = preSolution
		Debug|Any CPU = Debug|Any CPU
		Release|Any CPU = Release|Any CPU
	EndGlobalSection
	GlobalSection(ProjectConfigurationPlatforms) = postSolution
		{E97285A6-1455-40A9-B67E-F8378CC5206C}.Debug|Any CPU.ActiveCfg = Debug|Any CPU
		{E97285A6-1455-40A9-B67E-F8378CC5206C}.Debug|Any CPU.Build.0 = Debug|Any CPU
		{E97285A6-1455-40A9-B67E-F8378CC5206C}.Release|Any CPU.ActiveCfg = Release|Any CPU
		{E97285A6-1455-40A9-B67E-F8378CC5206C}.Release|Any CPU.Build.0 = Release|Any CPU
		{DEED1597-52D4-493F-842F-257ED24F9E5E}.Debug|Any CPU.ActiveCfg = Debug|Any CPU
		{DEED1597-52D4-493F-842F-257ED24F9E5E}.Debug|Any CPU.Build.0 = Debug|Any CPU
		{DEED1597-52D4-493F-842F-257ED24F9E5E}.Release|Any CPU.ActiveCfg = Release|Any CPU
		{DEED1597-52D4-493F-842F-257ED24F9E5E}.Release|Any CPU.Build.0 = Release|Any CPU
	EndGlobalSection
	GlobalSection(SolutionProperties) = preSolution
		HideSolutionNode = FALSE
	EndGlobalSection
	GlobalSection(ExtensibilityGlobals) = postSolution
		SolutionGuid = {B4AAD2F0-AF58-4586-9DBA-6DD56541C506}
	EndGlobalSection
EndGlobal
